<?xml version="1.0" encoding="utf-8"?>
<Project ToolsVersion="4.0" xmlns="http://schemas.microsoft.com/developer/msbuild/2003">
  <ItemGroup>
    <Filter Include="Source Files">
      <UniqueIdentifier>{4FC737F1-C7A5-4376-A066-2A32D752A2FF}</UniqueIdentifier>
      <Extensions>cpp;c;cc;cxx;def;odl;idl;hpj;bat;asm;asmx</Extensions>
    </Filter>
    <Filter Include="Header Files">
      <UniqueIdentifier>{93995380-89BD-4b04-88EB-625FBE52EBFB}</UniqueIdentifier>
      <Extensions>h;hh;hpp;hxx;hm;inl;inc;xsd</Extensions>
    </Filter>
    <Filter Include="Shaders">
      <UniqueIdentifier>{8719067d-b56a-41f9-919a-b59f3ab89bcb}</UniqueIdentifier>
      <Extensions>frag;vert;geom</Extensions>
    </Filter>
    <Filter Include="Header Files\Visualisation">
      <UniqueIdentifier>{9f06c0e5-b4a5-4a33-bec3-1788504027f8}</UniqueIdentifier>
    </Filter>
    <Filter Include="Source Files\Visualisation">
      <UniqueIdentifier>{6af7b0a9-3790-4a3e-bbb6-e3340098803e}</UniqueIdentifier>
    </Filter>
    <Filter Include="Header Files\Visualisation\Util">
      <UniqueIdentifier>{9299d9cc-b5b0-460c-8abf-0fbd3b7a5ec0}</UniqueIdentifier>
    </Filter>
  </ItemGroup>
  <ItemGroup>
    <ClCompile Include="main.cpp">
      <Filter>Source Files</Filter>
    </ClCompile>
    <ClCompile Include="visualisation\Axis.cpp">
      <Filter>Source Files\Visualisation</Filter>
    </ClCompile>
    <ClCompile Include="visualisation\Camera.cpp">
      <Filter>Source Files\Visualisation</Filter>
    </ClCompile>
    <ClCompile Include="visualisation\Entity.cpp">
      <Filter>Source Files\Visualisation</Filter>
    </ClCompile>
    <ClCompile Include="visualisation\Material.cpp">
      <Filter>Source Files\Visualisation</Filter>
    </ClCompile>
    <ClCompile Include="visualisation\Shaders.cpp">
      <Filter>Source Files\Visualisation</Filter>
    </ClCompile>
    <ClCompile Include="visualisation\Skybox.cpp">
      <Filter>Source Files\Visualisation</Filter>
    </ClCompile>
    <ClCompile Include="visualisation\Texture.cpp">
      <Filter>Source Files\Visualisation</Filter>
    </ClCompile>
    <ClCompile Include="visualisation\Visualisation.cpp">
      <Filter>Source Files\Visualisation</Filter>
    </ClCompile>
    <ClCompile Include="EntityScene.cpp">
      <Filter>Source Files</Filter>
    </ClCompile>
    <ClCompile Include="visualisation\Scene.cpp">
      <Filter>Source Files\Visualisation</Filter>
    </ClCompile>
  </ItemGroup>
  <ItemGroup>
    <None Include="glsl\main.frag">
      <Filter>Shaders</Filter>
    </None>
    <None Include="glsl\main.vert">
      <Filter>Shaders</Filter>
    </None>
  </ItemGroup>
  <ItemGroup>
    <ClInclude Include="visualisation\Axis.h">
      <Filter>Header Files\Visualisation</Filter>
    </ClInclude>
    <ClInclude Include="visualisation\Camera.h">
      <Filter>Header Files\Visualisation</Filter>
    </ClInclude>
    <ClInclude Include="visualisation\Entity.h">
      <Filter>Header Files\Visualisation</Filter>
    </ClInclude>
    <ClInclude Include="visualisation\Material.h">
      <Filter>Header Files\Visualisation</Filter>
    </ClInclude>
    <ClInclude Include="visualisation\Shaders.h">
      <Filter>Header Files\Visualisation</Filter>
    </ClInclude>
    <ClInclude Include="visualisation\Skybox.h">
      <Filter>Header Files\Visualisation</Filter>
    </ClInclude>
    <ClInclude Include="visualisation\Texture.h">
      <Filter>Header Files\Visualisation</Filter>
    </ClInclude>
    <ClInclude Include="visualisation\Visualisation.h">
      <Filter>Header Files\Visualisation</Filter>
    </ClInclude>
    <ClInclude Include="visualisation\GLcheck.h">
      <Filter>Header Files\Visualisation\Util</Filter>
    </ClInclude>
    <ClInclude Include="EntityScene.h">
      <Filter>Header Files</Filter>
    </ClInclude>
    <ClInclude Include="visualisation\Scene.h">
      <Filter>Header Files\Visualisation</Filter>
    </ClInclude>
  </ItemGroup>
</Project>