<?xml version="1.0" encoding="utf-8"?>
<Project ToolsVersion="4.0" xmlns="http://schemas.microsoft.com/developer/msbuild/2003">
  <ItemGroup>
    <Filter Include="Source Files">
      <UniqueIdentifier>{4FC737F1-C7A5-4376-A066-2A32D752A2FF}</UniqueIdentifier>
      <Extensions>cpp;c;cc;cxx;def;odl;idl;hpj;bat;asm;asmx</Extensions>
    </Filter>
    <Filter Include="Header Files">
      <UniqueIdentifier>{93995380-89BD-4b04-88EB-625FBE52EBFB}</UniqueIdentifier>
      <Extensions>h;hh;hpp;hxx;hm;inl;inc;xsd</Extensions>
    </Filter>
    <Filter Include="Shaders">
      <UniqueIdentifier>{8719067d-b56a-41f9-919a-b59f3ab89bcb}</UniqueIdentifier>
      <Extensions>frag;vert;geom</Extensions>
    </Filter>
    <Filter Include="Header Files\Visualisation">
      <UniqueIdentifier>{9f06c0e5-b4a5-4a33-bec3-1788504027f8}</UniqueIdentifier>
    </Filter>
    <Filter Include="Source Files\Visualisation">
      <UniqueIdentifier>{6af7b0a9-3790-4a3e-bbb6-e3340098803e}</UniqueIdentifier>
    </Filter>
    <Filter Include="Header Files\Visualisation\Util">
      <UniqueIdentifier>{9299d9cc-b5b0-460c-8abf-0fbd3b7a5ec0}</UniqueIdentifier>
    </Filter>
    <Filter Include="Header Files\Visualisation\Texture">
      <UniqueIdentifier>{30fded43-cb7a-4e72-9e30-f5a18b61140c}</UniqueIdentifier>
    </Filter>
    <Filter Include="Source Files\Visualisation\Texture">
      <UniqueIdentifier>{edfb27b4-a483-4369-a69b-d87b2b21eec6}</UniqueIdentifier>
    </Filter>
    <Filter Include="Source Files\Visualisation\Shader">
      <UniqueIdentifier>{b697edbe-acf8-43da-bcf8-185c7d9ab37f}</UniqueIdentifier>
    </Filter>
    <Filter Include="Header Files\Visualisation\Shader">
      <UniqueIdentifier>{5fb2e91a-9452-437e-9aad-7ce3fa82485a}</UniqueIdentifier>
    </Filter>
    <Filter Include="Header Files\Visualisation\Interface">
      <UniqueIdentifier>{94373e4a-57bc-419c-a322-19f1964dab63}</UniqueIdentifier>
    </Filter>
    <Filter Include="Source Files\Visualisation\MultiPass">
      <UniqueIdentifier>{23fd96e2-eb3c-4a23-9d6f-672f395de144}</UniqueIdentifier>
    </Filter>
    <Filter Include="Header Files\Visualisation\MultiPass">
      <UniqueIdentifier>{cf6a1b89-eb49-48de-93cf-4227a5f4a0ca}</UniqueIdentifier>
    </Filter>
  </ItemGroup>
  <ItemGroup>
    <ClCompile Include="visualisation\Axis.cpp">
      <Filter>Source Files\Visualisation</Filter>
    </ClCompile>
    <ClCompile Include="visualisation\Camera.cpp">
      <Filter>Source Files\Visualisation</Filter>
    </ClCompile>
    <ClCompile Include="visualisation\Entity.cpp">
      <Filter>Source Files\Visualisation</Filter>
    </ClCompile>
    <ClCompile Include="visualisation\Material.cpp">
      <Filter>Source Files\Visualisation</Filter>
    </ClCompile>
    <ClCompile Include="visualisation\Skybox.cpp">
      <Filter>Source Files\Visualisation</Filter>
    </ClCompile>
    <ClCompile Include="visualisation\Visualisation.cpp">
      <Filter>Source Files\Visualisation</Filter>
    </ClCompile>
    <ClCompile Include="visualisation\texture\Texture.cpp">
      <Filter>Source Files\Visualisation\Texture</Filter>
    </ClCompile>
    <ClCompile Include="visualisation\texture\Texture2D.cpp">
      <Filter>Source Files\Visualisation\Texture</Filter>
    </ClCompile>
    <ClCompile Include="visualisation\texture\TextureCubeMap.cpp">
      <Filter>Source Files\Visualisation\Texture</Filter>
    </ClCompile>
    <ClCompile Include="visualisation\texture\TextureBuffer.cu.cpp">
      <Filter>Source Files\Visualisation\Texture</Filter>
    </ClCompile>
    <ClCompile Include="EntityScene.cu.cpp">
      <Filter>Source Files</Filter>
    </ClCompile>
    <ClCompile Include="main.cpp">
      <Filter>Source Files</Filter>
    </ClCompile>
    <ClCompile Include="visualisation\Text.cpp">
      <Filter>Source Files\Visualisation</Filter>
    </ClCompile>
    <ClCompile Include="visualisation\Overlay.cpp">
      <Filter>Source Files\Visualisation</Filter>
    </ClCompile>
    <ClCompile Include="visualisation\HUD.cpp">
      <Filter>Source Files\Visualisation</Filter>
    </ClCompile>
    <ClCompile Include="visualisation\Sprite2D.cpp">
      <Filter>Source Files\Visualisation</Filter>
    </ClCompile>
    <ClCompile Include="visualisation\shader\Shaders.cpp">
      <Filter>Source Files\Visualisation\Shader</Filter>
    </ClCompile>
    <ClCompile Include="visualisation\shader\ComputeShader.cpp">
      <Filter>Source Files\Visualisation\Shader</Filter>
    </ClCompile>
    <ClCompile Include="visualisation\shader\ShaderCore.cpp">
      <Filter>Source Files\Visualisation\Shader</Filter>
    </ClCompile>
    <ClCompile Include="visualisation\BasicScene.cpp">
      <Filter>Source Files\Visualisation</Filter>
    </ClCompile>
    <ClCompile Include="visualisation\multipass\MultiPassScene.cpp">
      <Filter>Source Files\Visualisation\MultiPass</Filter>
    </ClCompile>
    <ClCompile Include="visualisation\multipass\RenderPass.cpp">
      <Filter>Source Files\Visualisation\MultiPass</Filter>
    </ClCompile>
    <ClCompile Include="visualisation\multipass\FrameBuffer.cpp">
      <Filter>Source Files\Visualisation\MultiPass</Filter>
    </ClCompile>
  </ItemGroup>
  <ItemGroup>
    <None Include="glsl\main.frag">
      <Filter>Shaders</Filter>
    </None>
    <None Include="glsl\main.vert">
      <Filter>Shaders</Filter>
    </None>
    <None Include="visualisation\util\cuda.cuh">
      <Filter>Header Files\Visualisation\Util</Filter>
    </None>
  </ItemGroup>
  <ItemGroup>
    <ClInclude Include="visualisation\Axis.h">
      <Filter>Header Files\Visualisation</Filter>
    </ClInclude>
    <ClInclude Include="visualisation\Camera.h">
      <Filter>Header Files\Visualisation</Filter>
    </ClInclude>
    <ClInclude Include="visualisation\Entity.h">
      <Filter>Header Files\Visualisation</Filter>
    </ClInclude>
    <ClInclude Include="visualisation\Material.h">
      <Filter>Header Files\Visualisation</Filter>
    </ClInclude>
    <ClInclude Include="visualisation\Skybox.h">
      <Filter>Header Files\Visualisation</Filter>
    </ClInclude>
    <ClInclude Include="visualisation\Visualisation.h">
      <Filter>Header Files\Visualisation</Filter>
    </ClInclude>
    <ClInclude Include="visualisation\GLcheck.h">
      <Filter>Header Files\Visualisation\Util</Filter>
    </ClInclude>
    <ClInclude Include="visualisation\texture\Texture2D.h">
      <Filter>Header Files\Visualisation\Texture</Filter>
    </ClInclude>
    <ClInclude Include="visualisation\texture\TextureCubeMap.h">
      <Filter>Header Files\Visualisation\Texture</Filter>
    </ClInclude>
    <ClInclude Include="visualisation\texture\Texture.h">
      <Filter>Header Files\Visualisation\Texture</Filter>
    </ClInclude>
    <ClInclude Include="EntityScene.h">
      <Filter>Header Files</Filter>
    </ClInclude>
    <ClInclude Include="visualisation\texture\TextureBuffer.h">
      <Filter>Header Files\Visualisation\Texture</Filter>
    </ClInclude>
    <ClInclude Include="visualisation\Text.h">
      <Filter>Header Files\Visualisation</Filter>
    </ClInclude>
    <ClInclude Include="visualisation\Overlay.h">
      <Filter>Header Files\Visualisation</Filter>
    </ClInclude>
    <ClInclude Include="visualisation\HUD.h">
      <Filter>Header Files\Visualisation</Filter>
    </ClInclude>
    <ClInclude Include="visualisation\Sprite2D.h">
      <Filter>Header Files\Visualisation</Filter>
    </ClInclude>
    <ClInclude Include="visualisation\shader\ShaderCore.h">
      <Filter>Header Files\Visualisation\Shader</Filter>
    </ClInclude>
    <ClInclude Include="visualisation\shader\Shaders.h">
      <Filter>Header Files\Visualisation\Shader</Filter>
    </ClInclude>
    <ClInclude Include="visualisation\shader\ComputeShader.h">
      <Filter>Header Files\Visualisation\Shader</Filter>
    </ClInclude>
    <ClInclude Include="visualisation\interface\Reloadable.h">
      <Filter>Header Files\Visualisation\Interface</Filter>
    </ClInclude>
    <ClInclude Include="visualisation\interface\Viewport.h">
      <Filter>Header Files\Visualisation\Interface</Filter>
    </ClInclude>
    <ClInclude Include="visualisation\multipass\RenderPass.h">
      <Filter>Header Files\Visualisation\MultiPass</Filter>
    </ClInclude>
    <ClInclude Include="visualisation\BasicScene.h">
      <Filter>Header Files\Visualisation</Filter>
    </ClInclude>
    <ClInclude Include="visualisation\multipass\FrameBuffer.h">
      <Filter>Header Files\Visualisation\MultiPass</Filter>
    </ClInclude>
    <ClInclude Include="visualisation\interface\Scene.h">
      <Filter>Header Files\Visualisation\Interface</Filter>
    </ClInclude>
    <ClInclude Include="visualisation\multipass\MultiPassScene.h">
      <Filter>Header Files\Visualisation\MultiPass</Filter>
    </ClInclude>
    <ClInclude Include="visualisation\interface\Renderable.h">
      <Filter>Header Files\Visualisation\Interface</Filter>
    </ClInclude>
  </ItemGroup>
  <ItemGroup>
    <CudaCompile Include="EntityScene.cu">
      <Filter>Source Files</Filter>
    </CudaCompile>
  </ItemGroup>
</Project>